
Microsoft Visual Studio Solution File, Format Version 12.00
# Visual Studio Version 17
VisualStudioVersion = 17.0.31903.59
MinimumVisualStudioVersion = 10.0.40219.1
Project("{FAE04EC0-301F-11D3-BF4B-00C04F79EFBC}") = "API", "API\API.csproj", "{548E788E-0241-414F-B7DF-2DC8C01770D9}"
EndProject
Project("{FAE04EC0-301F-11D3-BF4B-00C04F79EFBC}") = "Application", "Application\Application.csproj", "{CD55D74F-5DF1-4B81-ABDF-3D56F6478047}"
EndProject
Project("{FAE04EC0-301F-11D3-BF4B-00C04F79EFBC}") = "Domain", "Domain\Domain.csproj", "{A9B6AE04-8A49-4AC5-A5D9-7F341894F847}"
EndProject
Project("{FAE04EC0-301F-11D3-BF4B-00C04F79EFBC}") = "Persistence", "Persistence\Persistence.csproj", "{D1A58373-22E8-47E3-A4A1-56436C32E45B}"
EndProject
Global
	GlobalSection(SolutionConfigurationPlatforms) = preSolution
		Debug|Any CPU = Debug|Any CPU
		Release|Any CPU = Release|Any CPU
	EndGlobalSection
	GlobalSection(SolutionProperties) = preSolution
		HideSolutionNode = FALSE
	EndGlobalSection
	GlobalSection(ProjectConfigurationPlatforms) = postSolution
		{548E788E-0241-414F-B7DF-2DC8C01770D9}.Debug|Any CPU.ActiveCfg = Debug|Any CPU
		{548E788E-0241-414F-B7DF-2DC8C01770D9}.Debug|Any CPU.Build.0 = Debug|Any CPU
		{548E788E-0241-414F-B7DF-2DC8C01770D9}.Release|Any CPU.ActiveCfg = Release|Any CPU
		{548E788E-0241-414F-B7DF-2DC8C01770D9}.Release|Any CPU.Build.0 = Release|Any CPU
		{CD55D74F-5DF1-4B81-ABDF-3D56F6478047}.Debug|Any CPU.ActiveCfg = Debug|Any CPU
		{CD55D74F-5DF1-4B81-ABDF-3D56F6478047}.Debug|Any CPU.Build.0 = Debug|Any CPU
		{CD55D74F-5DF1-4B81-ABDF-3D56F6478047}.Release|Any CPU.ActiveCfg = Release|Any CPU
		{CD55D74F-5DF1-4B81-ABDF-3D56F6478047}.Release|Any CPU.Build.0 = Release|Any CPU
		{A9B6AE04-8A49-4AC5-A5D9-7F341894F847}.Debug|Any CPU.ActiveCfg = Debug|Any CPU
		{A9B6AE04-8A49-4AC5-A5D9-7F341894F847}.Debug|Any CPU.Build.0 = Debug|Any CPU
		{A9B6AE04-8A49-4AC5-A5D9-7F341894F847}.Release|Any CPU.ActiveCfg = Release|Any CPU
		{A9B6AE04-8A49-4AC5-A5D9-7F341894F847}.Release|Any CPU.Build.0 = Release|Any CPU
		{D1A58373-22E8-47E3-A4A1-56436C32E45B}.Debug|Any CPU.ActiveCfg = Debug|Any CPU
		{D1A58373-22E8-47E3-A4A1-56436C32E45B}.Debug|Any CPU.Build.0 = Debug|Any CPU
		{D1A58373-22E8-47E3-A4A1-56436C32E45B}.Release|Any CPU.ActiveCfg = Release|Any CPU
		{D1A58373-22E8-47E3-A4A1-56436C32E45B}.Release|Any CPU.Build.0 = Release|Any CPU
	EndGlobalSection
EndGlobal
